
Microsoft Visual Studio Solution File, Format Version 12.00
# Visual Studio Version 17
VisualStudioVersion = 17.12.35514.174 d17.12
MinimumVisualStudioVersion = 10.0.40219.1
Project("{FAE04EC0-301F-11D3-BF4B-00C04F79EFBC}") = "Qinshift.ConsoleApp", "Qinshift.ConsoleApp\Qinshift.ConsoleApp.csproj", "{7330708F-80DE-48A7-9998-403F37BFFCCF}"
EndProject
Project("{FAE04EC0-301F-11D3-BF4B-00C04F79EFBC}") = "Qinshift.Greet", "Qinshift.Greet\Qinshift.Greet.csproj", "{A5927CF4-C107-46F4-B015-5364E69E614B}"
EndProject
Global
	GlobalSection(SolutionConfigurationPlatforms) = preSolution
		Debug|Any CPU = Debug|Any CPU
		Release|Any CPU = Release|Any CPU
	EndGlobalSection
	GlobalSection(ProjectConfigurationPlatforms) = postSolution
		{7330708F-80DE-48A7-9998-403F37BFFCCF}.Debug|Any CPU.ActiveCfg = Debug|Any CPU
		{7330708F-80DE-48A7-9998-403F37BFFCCF}.Debug|Any CPU.Build.0 = Debug|Any CPU
		{7330708F-80DE-48A7-9998-403F37BFFCCF}.Release|Any CPU.ActiveCfg = Release|Any CPU
		{7330708F-80DE-48A7-9998-403F37BFFCCF}.Release|Any CPU.Build.0 = Release|Any CPU
		{A5927CF4-C107-46F4-B015-5364E69E614B}.Debug|Any CPU.ActiveCfg = Debug|Any CPU
		{A5927CF4-C107-46F4-B015-5364E69E614B}.Debug|Any CPU.Build.0 = Debug|Any CPU
		{A5927CF4-C107-46F4-B015-5364E69E614B}.Release|Any CPU.ActiveCfg = Release|Any CPU
		{A5927CF4-C107-46F4-B015-5364E69E614B}.Release|Any CPU.Build.0 = Release|Any CPU
	EndGlobalSection
	GlobalSection(SolutionProperties) = preSolution
		HideSolutionNode = FALSE
	EndGlobalSection
EndGlobal
