
Microsoft Visual Studio Solution File, Format Version 12.00
# Visual Studio Version 17
VisualStudioVersion = 17.13.35825.156 d17.13
MinimumVisualStudioVersion = 10.0.40219.1
Project("{FAE04EC0-301F-11D3-BF4B-00C04F79EFBC}") = "QA.SeeSharp.Class10.App", "QA.SeeSharp.Class10.App\QA.SeeSharp.Class10.App.csproj", "{8235EE50-164B-40CF-AEB5-AFCEE9B21B71}"
EndProject
Project("{FAE04EC0-301F-11D3-BF4B-00C04F79EFBC}") = "QA.SeeSharp.Class10.Exercise", "QA.SeeSharp.Class10.Exercise\QA.SeeSharp.Class10.Exercise.csproj", "{415F69FC-3C81-45D8-ACB6-67A67A19871E}"
EndProject
Global
	GlobalSection(SolutionConfigurationPlatforms) = preSolution
		Debug|Any CPU = Debug|Any CPU
		Release|Any CPU = Release|Any CPU
	EndGlobalSection
	GlobalSection(ProjectConfigurationPlatforms) = postSolution
		{8235EE50-164B-40CF-AEB5-AFCEE9B21B71}.Debug|Any CPU.ActiveCfg = Debug|Any CPU
		{8235EE50-164B-40CF-AEB5-AFCEE9B21B71}.Debug|Any CPU.Build.0 = Debug|Any CPU
		{8235EE50-164B-40CF-AEB5-AFCEE9B21B71}.Release|Any CPU.ActiveCfg = Release|Any CPU
		{8235EE50-164B-40CF-AEB5-AFCEE9B21B71}.Release|Any CPU.Build.0 = Release|Any CPU
		{415F69FC-3C81-45D8-ACB6-67A67A19871E}.Debug|Any CPU.ActiveCfg = Debug|Any CPU
		{415F69FC-3C81-45D8-ACB6-67A67A19871E}.Debug|Any CPU.Build.0 = Debug|Any CPU
		{415F69FC-3C81-45D8-ACB6-67A67A19871E}.Release|Any CPU.ActiveCfg = Release|Any CPU
		{415F69FC-3C81-45D8-ACB6-67A67A19871E}.Release|Any CPU.Build.0 = Release|Any CPU
	EndGlobalSection
	GlobalSection(SolutionProperties) = preSolution
		HideSolutionNode = FALSE
	EndGlobalSection
	GlobalSection(ExtensibilityGlobals) = postSolution
		SolutionGuid = {299F0933-5279-4B93-B05E-2CC561BF97B5}
	EndGlobalSection
EndGlobal
