
Microsoft Visual Studio Solution File, Format Version 12.00
# Visual Studio Version 17
VisualStudioVersion = 17.8.34330.188
MinimumVisualStudioVersion = 10.0.40219.1
Project("{FAE04EC0-301F-11D3-BF4B-00C04F79EFBC}") = "Collections", "Collections\Collections.csproj", "{D936C3CB-920D-4419-9209-07BFB1A5DD9C}"
EndProject
Project("{FAE04EC0-301F-11D3-BF4B-00C04F79EFBC}") = "Exercise1", "Exercise1\Exercise1.csproj", "{7A80A8FF-0B7F-4345-9E74-2E952DE01F12}"
EndProject
Project("{FAE04EC0-301F-11D3-BF4B-00C04F79EFBC}") = "SongsApp.Domain", "SongsApp.Domain\SongsApp.Domain.csproj", "{8D16EAE9-93F2-476C-8517-B6F15007FB76}"
EndProject
Project("{FAE04EC0-301F-11D3-BF4B-00C04F79EFBC}") = "SongsApp", "SongsApp\SongsApp.csproj", "{3EF7B5AC-F954-440C-A37C-0FC2D3D154A1}"
EndProject
Global
	GlobalSection(SolutionConfigurationPlatforms) = preSolution
		Debug|Any CPU = Debug|Any CPU
		Release|Any CPU = Release|Any CPU
	EndGlobalSection
	GlobalSection(ProjectConfigurationPlatforms) = postSolution
		{D936C3CB-920D-4419-9209-07BFB1A5DD9C}.Debug|Any CPU.ActiveCfg = Debug|Any CPU
		{D936C3CB-920D-4419-9209-07BFB1A5DD9C}.Debug|Any CPU.Build.0 = Debug|Any CPU
		{D936C3CB-920D-4419-9209-07BFB1A5DD9C}.Release|Any CPU.ActiveCfg = Release|Any CPU
		{D936C3CB-920D-4419-9209-07BFB1A5DD9C}.Release|Any CPU.Build.0 = Release|Any CPU
		{7A80A8FF-0B7F-4345-9E74-2E952DE01F12}.Debug|Any CPU.ActiveCfg = Debug|Any CPU
		{7A80A8FF-0B7F-4345-9E74-2E952DE01F12}.Debug|Any CPU.Build.0 = Debug|Any CPU
		{7A80A8FF-0B7F-4345-9E74-2E952DE01F12}.Release|Any CPU.ActiveCfg = Release|Any CPU
		{7A80A8FF-0B7F-4345-9E74-2E952DE01F12}.Release|Any CPU.Build.0 = Release|Any CPU
		{8D16EAE9-93F2-476C-8517-B6F15007FB76}.Debug|Any CPU.ActiveCfg = Debug|Any CPU
		{8D16EAE9-93F2-476C-8517-B6F15007FB76}.Debug|Any CPU.Build.0 = Debug|Any CPU
		{8D16EAE9-93F2-476C-8517-B6F15007FB76}.Release|Any CPU.ActiveCfg = Release|Any CPU
		{8D16EAE9-93F2-476C-8517-B6F15007FB76}.Release|Any CPU.Build.0 = Release|Any CPU
		{3EF7B5AC-F954-440C-A37C-0FC2D3D154A1}.Debug|Any CPU.ActiveCfg = Debug|Any CPU
		{3EF7B5AC-F954-440C-A37C-0FC2D3D154A1}.Debug|Any CPU.Build.0 = Debug|Any CPU
		{3EF7B5AC-F954-440C-A37C-0FC2D3D154A1}.Release|Any CPU.ActiveCfg = Release|Any CPU
		{3EF7B5AC-F954-440C-A37C-0FC2D3D154A1}.Release|Any CPU.Build.0 = Release|Any CPU
	EndGlobalSection
	GlobalSection(SolutionProperties) = preSolution
		HideSolutionNode = FALSE
	EndGlobalSection
	GlobalSection(ExtensibilityGlobals) = postSolution
		SolutionGuid = {09ABAF86-A636-4C8A-9C7A-763D40037C75}
	EndGlobalSection
EndGlobal
